
Microsoft Visual Studio Solution File, Format Version 12.00
# Visual Studio 14
VisualStudioVersion = 14.0.25123.0
MinimumVisualStudioVersion = 10.0.40219.1
Project("{FAE04EC0-301F-11D3-BF4B-00C04F79EFBC}") = "DanmenX", "DanmenX\DanmenX\DanmenX.csproj", "{BD840E60-1AAC-45D8-8702-E73736AD9DC0}"
EndProject
Project("{FAE04EC0-301F-11D3-BF4B-00C04F79EFBC}") = "DanmenX.Droid", "DanmenX\DanmenX.Droid\DanmenX.Droid.csproj", "{AF0A6482-09BF-4DDD-9350-320C2984429C}"
EndProject
Project("{FAE04EC0-301F-11D3-BF4B-00C04F79EFBC}") = "DanmenX.iOS", "DanmenX\DanmenX.iOS\DanmenX.iOS.csproj", "{8A96B81A-C45E-4A2B-B505-2C4BC0266418}"
EndProject
Project("{FAE04EC0-301F-11D3-BF4B-00C04F79EFBC}") = "DanmenX.UWP", "DanmenX\DanmenX.UWP\DanmenX.UWP.csproj", "{4C4380B7-4781-4313-B023-94796889166F}"
EndProject
Project("{FAE04EC0-301F-11D3-BF4B-00C04F79EFBC}") = "DanmenX.WinPhone", "DanmenX\DanmenX.WinPhone\DanmenX.WinPhone.csproj", "{88D98FA0-D93E-4F06-A0C2-569E0AFA0E02}"
EndProject
Project("{FAE04EC0-301F-11D3-BF4B-00C04F79EFBC}") = "DanmenX.Windows", "DanmenX\DanmenX.Windows\DanmenX.Windows.csproj", "{6D49BFF4-A461-4A86-BC5F-62FC634285B3}"
EndProject
Global
	GlobalSection(SolutionConfigurationPlatforms) = preSolution
		Ad-Hoc|Any CPU = Ad-Hoc|Any CPU
		Ad-Hoc|ARM = Ad-Hoc|ARM
		Ad-Hoc|iPhone = Ad-Hoc|iPhone
		Ad-Hoc|iPhoneSimulator = Ad-Hoc|iPhoneSimulator
		Ad-Hoc|x64 = Ad-Hoc|x64
		Ad-Hoc|x86 = Ad-Hoc|x86
		AppStore|Any CPU = AppStore|Any CPU
		AppStore|ARM = AppStore|ARM
		AppStore|iPhone = AppStore|iPhone
		AppStore|iPhoneSimulator = AppStore|iPhoneSimulator
		AppStore|x64 = AppStore|x64
		AppStore|x86 = AppStore|x86
		Debug|Any CPU = Debug|Any CPU
		Debug|ARM = Debug|ARM
		Debug|iPhone = Debug|iPhone
		Debug|iPhoneSimulator = Debug|iPhoneSimulator
		Debug|x64 = Debug|x64
		Debug|x86 = Debug|x86
		Release|Any CPU = Release|Any CPU
		Release|ARM = Release|ARM
		Release|iPhone = Release|iPhone
		Release|iPhoneSimulator = Release|iPhoneSimulator
		Release|x64 = Release|x64
		Release|x86 = Release|x86
	EndGlobalSection
	GlobalSection(ProjectConfigurationPlatforms) = postSolution
		{BD840E60-1AAC-45D8-8702-E73736AD9DC0}.Ad-Hoc|Any CPU.ActiveCfg = Release|Any CPU
		{BD840E60-1AAC-45D8-8702-E73736AD9DC0}.Ad-Hoc|Any CPU.Build.0 = Release|Any CPU
		{BD840E60-1AAC-45D8-8702-E73736AD9DC0}.Ad-Hoc|ARM.ActiveCfg = Release|Any CPU
		{BD840E60-1AAC-45D8-8702-E73736AD9DC0}.Ad-Hoc|ARM.Build.0 = Release|Any CPU
		{BD840E60-1AAC-45D8-8702-E73736AD9DC0}.Ad-Hoc|iPhone.ActiveCfg = Release|Any CPU
		{BD840E60-1AAC-45D8-8702-E73736AD9DC0}.Ad-Hoc|iPhone.Build.0 = Release|Any CPU
		{BD840E60-1AAC-45D8-8702-E73736AD9DC0}.Ad-Hoc|iPhoneSimulator.ActiveCfg = Release|Any CPU
		{BD840E60-1AAC-45D8-8702-E73736AD9DC0}.Ad-Hoc|iPhoneSimulator.Build.0 = Release|Any CPU
		{BD840E60-1AAC-45D8-8702-E73736AD9DC0}.Ad-Hoc|x64.ActiveCfg = Release|Any CPU
		{BD840E60-1AAC-45D8-8702-E73736AD9DC0}.Ad-Hoc|x64.Build.0 = Release|Any CPU
		{BD840E60-1AAC-45D8-8702-E73736AD9DC0}.Ad-Hoc|x86.ActiveCfg = Release|Any CPU
		{BD840E60-1AAC-45D8-8702-E73736AD9DC0}.Ad-Hoc|x86.Build.0 = Release|Any CPU
		{BD840E60-1AAC-45D8-8702-E73736AD9DC0}.AppStore|Any CPU.ActiveCfg = Release|Any CPU
		{BD840E60-1AAC-45D8-8702-E73736AD9DC0}.AppStore|Any CPU.Build.0 = Release|Any CPU
		{BD840E60-1AAC-45D8-8702-E73736AD9DC0}.AppStore|ARM.ActiveCfg = Release|Any CPU
		{BD840E60-1AAC-45D8-8702-E73736AD9DC0}.AppStore|ARM.Build.0 = Release|Any CPU
		{BD840E60-1AAC-45D8-8702-E73736AD9DC0}.AppStore|iPhone.ActiveCfg = Release|Any CPU
		{BD840E60-1AAC-45D8-8702-E73736AD9DC0}.AppStore|iPhone.Build.0 = Release|Any CPU
		{BD840E60-1AAC-45D8-8702-E73736AD9DC0}.AppStore|iPhoneSimulator.ActiveCfg = Release|Any CPU
		{BD840E60-1AAC-45D8-8702-E73736AD9DC0}.AppStore|iPhoneSimulator.Build.0 = Release|Any CPU
		{BD840E60-1AAC-45D8-8702-E73736AD9DC0}.AppStore|x64.ActiveCfg = Release|Any CPU
		{BD840E60-1AAC-45D8-8702-E73736AD9DC0}.AppStore|x64.Build.0 = Release|Any CPU
		{BD840E60-1AAC-45D8-8702-E73736AD9DC0}.AppStore|x86.ActiveCfg = Release|Any CPU
		{BD840E60-1AAC-45D8-8702-E73736AD9DC0}.AppStore|x86.Build.0 = Release|Any CPU
		{BD840E60-1AAC-45D8-8702-E73736AD9DC0}.Debug|Any CPU.ActiveCfg = Debug|Any CPU
		{BD840E60-1AAC-45D8-8702-E73736AD9DC0}.Debug|Any CPU.Build.0 = Debug|Any CPU
		{BD840E60-1AAC-45D8-8702-E73736AD9DC0}.Debug|ARM.ActiveCfg = Debug|Any CPU
		{BD840E60-1AAC-45D8-8702-E73736AD9DC0}.Debug|ARM.Build.0 = Debug|Any CPU
		{BD840E60-1AAC-45D8-8702-E73736AD9DC0}.Debug|iPhone.ActiveCfg = Debug|Any CPU
		{BD840E60-1AAC-45D8-8702-E73736AD9DC0}.Debug|iPhone.Build.0 = Debug|Any CPU
		{BD840E60-1AAC-45D8-8702-E73736AD9DC0}.Debug|iPhoneSimulator.ActiveCfg = Debug|Any CPU
		{BD840E60-1AAC-45D8-8702-E73736AD9DC0}.Debug|iPhoneSimulator.Build.0 = Debug|Any CPU
		{BD840E60-1AAC-45D8-8702-E73736AD9DC0}.Debug|x64.ActiveCfg = Debug|Any CPU
		{BD840E60-1AAC-45D8-8702-E73736AD9DC0}.Debug|x64.Build.0 = Debug|Any CPU
		{BD840E60-1AAC-45D8-8702-E73736AD9DC0}.Debug|x86.ActiveCfg = Debug|Any CPU
		{BD840E60-1AAC-45D8-8702-E73736AD9DC0}.Debug|x86.Build.0 = Debug|Any CPU
		{BD840E60-1AAC-45D8-8702-E73736AD9DC0}.Release|Any CPU.ActiveCfg = Release|Any CPU
		{BD840E60-1AAC-45D8-8702-E73736AD9DC0}.Release|Any CPU.Build.0 = Release|Any CPU
		{BD840E60-1AAC-45D8-8702-E73736AD9DC0}.Release|ARM.ActiveCfg = Release|Any CPU
		{BD840E60-1AAC-45D8-8702-E73736AD9DC0}.Release|ARM.Build.0 = Release|Any CPU
		{BD840E60-1AAC-45D8-8702-E73736AD9DC0}.Release|iPhone.ActiveCfg = Release|Any CPU
		{BD840E60-1AAC-45D8-8702-E73736AD9DC0}.Release|iPhone.Build.0 = Release|Any CPU
		{BD840E60-1AAC-45D8-8702-E73736AD9DC0}.Release|iPhoneSimulator.ActiveCfg = Release|Any CPU
		{BD840E60-1AAC-45D8-8702-E73736AD9DC0}.Release|iPhoneSimulator.Build.0 = Release|Any CPU
		{BD840E60-1AAC-45D8-8702-E73736AD9DC0}.Release|x64.ActiveCfg = Release|Any CPU
		{BD840E60-1AAC-45D8-8702-E73736AD9DC0}.Release|x64.Build.0 = Release|Any CPU
		{BD840E60-1AAC-45D8-8702-E73736AD9DC0}.Release|x86.ActiveCfg = Release|Any CPU
		{BD840E60-1AAC-45D8-8702-E73736AD9DC0}.Release|x86.Build.0 = Release|Any CPU
		{AF0A6482-09BF-4DDD-9350-320C2984429C}.Ad-Hoc|Any CPU.ActiveCfg = Release|Any CPU
		{AF0A6482-09BF-4DDD-9350-320C2984429C}.Ad-Hoc|Any CPU.Build.0 = Release|Any CPU
		{AF0A6482-09BF-4DDD-9350-320C2984429C}.Ad-Hoc|Any CPU.Deploy.0 = Release|Any CPU
		{AF0A6482-09BF-4DDD-9350-320C2984429C}.Ad-Hoc|ARM.ActiveCfg = Release|Any CPU
		{AF0A6482-09BF-4DDD-9350-320C2984429C}.Ad-Hoc|ARM.Build.0 = Release|Any CPU
		{AF0A6482-09BF-4DDD-9350-320C2984429C}.Ad-Hoc|ARM.Deploy.0 = Release|Any CPU
		{AF0A6482-09BF-4DDD-9350-320C2984429C}.Ad-Hoc|iPhone.ActiveCfg = Release|Any CPU
		{AF0A6482-09BF-4DDD-9350-320C2984429C}.Ad-Hoc|iPhone.Build.0 = Release|Any CPU
		{AF0A6482-09BF-4DDD-9350-320C2984429C}.Ad-Hoc|iPhone.Deploy.0 = Release|Any CPU
		{AF0A6482-09BF-4DDD-9350-320C2984429C}.Ad-Hoc|iPhoneSimulator.ActiveCfg = Release|Any CPU
		{AF0A6482-09BF-4DDD-9350-320C2984429C}.Ad-Hoc|iPhoneSimulator.Build.0 = Release|Any CPU
		{AF0A6482-09BF-4DDD-9350-320C2984429C}.Ad-Hoc|iPhoneSimulator.Deploy.0 = Release|Any CPU
		{AF0A6482-09BF-4DDD-9350-320C2984429C}.Ad-Hoc|x64.ActiveCfg = Release|Any CPU
		{AF0A6482-09BF-4DDD-9350-320C2984429C}.Ad-Hoc|x64.Build.0 = Release|Any CPU
		{AF0A6482-09BF-4DDD-9350-320C2984429C}.Ad-Hoc|x64.Deploy.0 = Release|Any CPU
		{AF0A6482-09BF-4DDD-9350-320C2984429C}.Ad-Hoc|x86.ActiveCfg = Release|Any CPU
		{AF0A6482-09BF-4DDD-9350-320C2984429C}.Ad-Hoc|x86.Build.0 = Release|Any CPU
		{AF0A6482-09BF-4DDD-9350-320C2984429C}.Ad-Hoc|x86.Deploy.0 = Release|Any CPU
		{AF0A6482-09BF-4DDD-9350-320C2984429C}.AppStore|Any CPU.ActiveCfg = Release|Any CPU
		{AF0A6482-09BF-4DDD-9350-320C2984429C}.AppStore|Any CPU.Build.0 = Release|Any CPU
		{AF0A6482-09BF-4DDD-9350-320C2984429C}.AppStore|Any CPU.Deploy.0 = Release|Any CPU
		{AF0A6482-09BF-4DDD-9350-320C2984429C}.AppStore|ARM.ActiveCfg = Release|Any CPU
		{AF0A6482-09BF-4DDD-9350-320C2984429C}.AppStore|ARM.Build.0 = Release|Any CPU
		{AF0A6482-09BF-4DDD-9350-320C2984429C}.AppStore|ARM.Deploy.0 = Release|Any CPU
		{AF0A6482-09BF-4DDD-9350-320C2984429C}.AppStore|iPhone.ActiveCfg = Release|Any CPU
		{AF0A6482-09BF-4DDD-9350-320C2984429C}.AppStore|iPhone.Build.0 = Release|Any CPU
		{AF0A6482-09BF-4DDD-9350-320C2984429C}.AppStore|iPhone.Deploy.0 = Release|Any CPU
		{AF0A6482-09BF-4DDD-9350-320C2984429C}.AppStore|iPhoneSimulator.ActiveCfg = Release|Any CPU
		{AF0A6482-09BF-4DDD-9350-320C2984429C}.AppStore|iPhoneSimulator.Build.0 = Release|Any CPU
		{AF0A6482-09BF-4DDD-9350-320C2984429C}.AppStore|iPhoneSimulator.Deploy.0 = Release|Any CPU
		{AF0A6482-09BF-4DDD-9350-320C2984429C}.AppStore|x64.ActiveCfg = Release|Any CPU
		{AF0A6482-09BF-4DDD-9350-320C2984429C}.AppStore|x64.Build.0 = Release|Any CPU
		{AF0A6482-09BF-4DDD-9350-320C2984429C}.AppStore|x64.Deploy.0 = Release|Any CPU
		{AF0A6482-09BF-4DDD-9350-320C2984429C}.AppStore|x86.ActiveCfg = Release|Any CPU
		{AF0A6482-09BF-4DDD-9350-320C2984429C}.AppStore|x86.Build.0 = Release|Any CPU
		{AF0A6482-09BF-4DDD-9350-320C2984429C}.AppStore|x86.Deploy.0 = Release|Any CPU
		{AF0A6482-09BF-4DDD-9350-320C2984429C}.Debug|Any CPU.ActiveCfg = Debug|Any CPU
		{AF0A6482-09BF-4DDD-9350-320C2984429C}.Debug|Any CPU.Build.0 = Debug|Any CPU
		{AF0A6482-09BF-4DDD-9350-320C2984429C}.Debug|Any CPU.Deploy.0 = Debug|Any CPU
		{AF0A6482-09BF-4DDD-9350-320C2984429C}.Debug|ARM.ActiveCfg = Debug|Any CPU
		{AF0A6482-09BF-4DDD-9350-320C2984429C}.Debug|ARM.Build.0 = Debug|Any CPU
		{AF0A6482-09BF-4DDD-9350-320C2984429C}.Debug|ARM.Deploy.0 = Debug|Any CPU
		{AF0A6482-09BF-4DDD-9350-320C2984429C}.Debug|iPhone.ActiveCfg = Debug|Any CPU
		{AF0A6482-09BF-4DDD-9350-320C2984429C}.Debug|iPhone.Build.0 = Debug|Any CPU
		{AF0A6482-09BF-4DDD-9350-320C2984429C}.Debug|iPhone.Deploy.0 = Debug|Any CPU
		{AF0A6482-09BF-4DDD-9350-320C2984429C}.Debug|iPhoneSimulator.ActiveCfg = Debug|Any CPU
		{AF0A6482-09BF-4DDD-9350-320C2984429C}.Debug|iPhoneSimulator.Build.0 = Debug|Any CPU
		{AF0A6482-09BF-4DDD-9350-320C2984429C}.Debug|iPhoneSimulator.Deploy.0 = Debug|Any CPU
		{AF0A6482-09BF-4DDD-9350-320C2984429C}.Debug|x64.ActiveCfg = Debug|Any CPU
		{AF0A6482-09BF-4DDD-9350-320C2984429C}.Debug|x64.Build.0 = Debug|Any CPU
		{AF0A6482-09BF-4DDD-9350-320C2984429C}.Debug|x64.Deploy.0 = Debug|Any CPU
		{AF0A6482-09BF-4DDD-9350-320C2984429C}.Debug|x86.ActiveCfg = Debug|Any CPU
		{AF0A6482-09BF-4DDD-9350-320C2984429C}.Debug|x86.Build.0 = Debug|Any CPU
		{AF0A6482-09BF-4DDD-9350-320C2984429C}.Debug|x86.Deploy.0 = Debug|Any CPU
		{AF0A6482-09BF-4DDD-9350-320C2984429C}.Release|Any CPU.ActiveCfg = Release|Any CPU
		{AF0A6482-09BF-4DDD-9350-320C2984429C}.Release|Any CPU.Build.0 = Release|Any CPU
		{AF0A6482-09BF-4DDD-9350-320C2984429C}.Release|Any CPU.Deploy.0 = Release|Any CPU
		{AF0A6482-09BF-4DDD-9350-320C2984429C}.Release|ARM.ActiveCfg = Release|Any CPU
		{AF0A6482-09BF-4DDD-9350-320C2984429C}.Release|ARM.Build.0 = Release|Any CPU
		{AF0A6482-09BF-4DDD-9350-320C2984429C}.Release|ARM.Deploy.0 = Release|Any CPU
		{AF0A6482-09BF-4DDD-9350-320C2984429C}.Release|iPhone.ActiveCfg = Release|Any CPU
		{AF0A6482-09BF-4DDD-9350-320C2984429C}.Release|iPhone.Build.0 = Release|Any CPU
		{AF0A6482-09BF-4DDD-9350-320C2984429C}.Release|iPhone.Deploy.0 = Release|Any CPU
		{AF0A6482-09BF-4DDD-9350-320C2984429C}.Release|iPhoneSimulator.ActiveCfg = Release|Any CPU
		{AF0A6482-09BF-4DDD-9350-320C2984429C}.Release|iPhoneSimulator.Build.0 = Release|Any CPU
		{AF0A6482-09BF-4DDD-9350-320C2984429C}.Release|iPhoneSimulator.Deploy.0 = Release|Any CPU
		{AF0A6482-09BF-4DDD-9350-320C2984429C}.Release|x64.ActiveCfg = Release|Any CPU
		{AF0A6482-09BF-4DDD-9350-320C2984429C}.Release|x64.Build.0 = Release|Any CPU
		{AF0A6482-09BF-4DDD-9350-320C2984429C}.Release|x64.Deploy.0 = Release|Any CPU
		{AF0A6482-09BF-4DDD-9350-320C2984429C}.Release|x86.ActiveCfg = Release|Any CPU
		{AF0A6482-09BF-4DDD-9350-320C2984429C}.Release|x86.Build.0 = Release|Any CPU
		{AF0A6482-09BF-4DDD-9350-320C2984429C}.Release|x86.Deploy.0 = Release|Any CPU
		{8A96B81A-C45E-4A2B-B505-2C4BC0266418}.Ad-Hoc|Any CPU.ActiveCfg = Ad-Hoc|iPhone
		{8A96B81A-C45E-4A2B-B505-2C4BC0266418}.Ad-Hoc|ARM.ActiveCfg = Ad-Hoc|iPhone
		{8A96B81A-C45E-4A2B-B505-2C4BC0266418}.Ad-Hoc|iPhone.ActiveCfg = Ad-Hoc|iPhone
		{8A96B81A-C45E-4A2B-B505-2C4BC0266418}.Ad-Hoc|iPhone.Build.0 = Ad-Hoc|iPhone
		{8A96B81A-C45E-4A2B-B505-2C4BC0266418}.Ad-Hoc|iPhoneSimulator.ActiveCfg = Ad-Hoc|iPhoneSimulator
		{8A96B81A-C45E-4A2B-B505-2C4BC0266418}.Ad-Hoc|iPhoneSimulator.Build.0 = Ad-Hoc|iPhoneSimulator
		{8A96B81A-C45E-4A2B-B505-2C4BC0266418}.Ad-Hoc|x64.ActiveCfg = Ad-Hoc|iPhone
		{8A96B81A-C45E-4A2B-B505-2C4BC0266418}.Ad-Hoc|x86.ActiveCfg = Ad-Hoc|iPhone
		{8A96B81A-C45E-4A2B-B505-2C4BC0266418}.AppStore|Any CPU.ActiveCfg = AppStore|iPhone
		{8A96B81A-C45E-4A2B-B505-2C4BC0266418}.AppStore|ARM.ActiveCfg = AppStore|iPhone
		{8A96B81A-C45E-4A2B-B505-2C4BC0266418}.AppStore|iPhone.ActiveCfg = AppStore|iPhone
		{8A96B81A-C45E-4A2B-B505-2C4BC0266418}.AppStore|iPhone.Build.0 = AppStore|iPhone
		{8A96B81A-C45E-4A2B-B505-2C4BC0266418}.AppStore|iPhoneSimulator.ActiveCfg = AppStore|iPhoneSimulator
		{8A96B81A-C45E-4A2B-B505-2C4BC0266418}.AppStore|iPhoneSimulator.Build.0 = AppStore|iPhoneSimulator
		{8A96B81A-C45E-4A2B-B505-2C4BC0266418}.AppStore|x64.ActiveCfg = AppStore|iPhone
		{8A96B81A-C45E-4A2B-B505-2C4BC0266418}.AppStore|x86.ActiveCfg = AppStore|iPhone
		{8A96B81A-C45E-4A2B-B505-2C4BC0266418}.Debug|Any CPU.ActiveCfg = Debug|iPhone
		{8A96B81A-C45E-4A2B-B505-2C4BC0266418}.Debug|ARM.ActiveCfg = Debug|iPhone
		{8A96B81A-C45E-4A2B-B505-2C4BC0266418}.Debug|iPhone.ActiveCfg = Debug|iPhone
		{8A96B81A-C45E-4A2B-B505-2C4BC0266418}.Debug|iPhone.Build.0 = Debug|iPhone
		{8A96B81A-C45E-4A2B-B505-2C4BC0266418}.Debug|iPhoneSimulator.ActiveCfg = Debug|iPhoneSimulator
		{8A96B81A-C45E-4A2B-B505-2C4BC0266418}.Debug|iPhoneSimulator.Build.0 = Debug|iPhoneSimulator
		{8A96B81A-C45E-4A2B-B505-2C4BC0266418}.Debug|x64.ActiveCfg = Debug|iPhone
		{8A96B81A-C45E-4A2B-B505-2C4BC0266418}.Debug|x86.ActiveCfg = Debug|iPhone
		{8A96B81A-C45E-4A2B-B505-2C4BC0266418}.Release|Any CPU.ActiveCfg = Release|iPhone
		{8A96B81A-C45E-4A2B-B505-2C4BC0266418}.Release|ARM.ActiveCfg = Release|iPhone
		{8A96B81A-C45E-4A2B-B505-2C4BC0266418}.Release|iPhone.ActiveCfg = Release|iPhone
		{8A96B81A-C45E-4A2B-B505-2C4BC0266418}.Release|iPhone.Build.0 = Release|iPhone
		{8A96B81A-C45E-4A2B-B505-2C4BC0266418}.Release|iPhoneSimulator.ActiveCfg = Release|iPhoneSimulator
		{8A96B81A-C45E-4A2B-B505-2C4BC0266418}.Release|iPhoneSimulator.Build.0 = Release|iPhoneSimulator
		{8A96B81A-C45E-4A2B-B505-2C4BC0266418}.Release|x64.ActiveCfg = Release|iPhone
		{8A96B81A-C45E-4A2B-B505-2C4BC0266418}.Release|x86.ActiveCfg = Release|iPhone
		{4C4380B7-4781-4313-B023-94796889166F}.Ad-Hoc|Any CPU.ActiveCfg = Release|x86
		{4C4380B7-4781-4313-B023-94796889166F}.Ad-Hoc|Any CPU.Build.0 = Release|x86
		{4C4380B7-4781-4313-B023-94796889166F}.Ad-Hoc|Any CPU.Deploy.0 = Release|x86
		{4C4380B7-4781-4313-B023-94796889166F}.Ad-Hoc|ARM.ActiveCfg = Release|ARM
		{4C4380B7-4781-4313-B023-94796889166F}.Ad-Hoc|ARM.Build.0 = Release|ARM
		{4C4380B7-4781-4313-B023-94796889166F}.Ad-Hoc|ARM.Deploy.0 = Release|ARM
		{4C4380B7-4781-4313-B023-94796889166F}.Ad-Hoc|iPhone.ActiveCfg = Release|x86
		{4C4380B7-4781-4313-B023-94796889166F}.Ad-Hoc|iPhone.Build.0 = Release|x86
		{4C4380B7-4781-4313-B023-94796889166F}.Ad-Hoc|iPhone.Deploy.0 = Release|x86
		{4C4380B7-4781-4313-B023-94796889166F}.Ad-Hoc|iPhoneSimulator.ActiveCfg = Release|x86
		{4C4380B7-4781-4313-B023-94796889166F}.Ad-Hoc|iPhoneSimulator.Build.0 = Release|x86
		{4C4380B7-4781-4313-B023-94796889166F}.Ad-Hoc|iPhoneSimulator.Deploy.0 = Release|x86
		{4C4380B7-4781-4313-B023-94796889166F}.Ad-Hoc|x64.ActiveCfg = Release|x64
		{4C4380B7-4781-4313-B023-94796889166F}.Ad-Hoc|x64.Build.0 = Release|x64
		{4C4380B7-4781-4313-B023-94796889166F}.Ad-Hoc|x64.Deploy.0 = Release|x64
		{4C4380B7-4781-4313-B023-94796889166F}.Ad-Hoc|x86.ActiveCfg = Release|x86
		{4C4380B7-4781-4313-B023-94796889166F}.Ad-Hoc|x86.Build.0 = Release|x86
		{4C4380B7-4781-4313-B023-94796889166F}.Ad-Hoc|x86.Deploy.0 = Release|x86
		{4C4380B7-4781-4313-B023-94796889166F}.AppStore|Any CPU.ActiveCfg = Release|x86
		{4C4380B7-4781-4313-B023-94796889166F}.AppStore|Any CPU.Build.0 = Release|x86
		{4C4380B7-4781-4313-B023-94796889166F}.AppStore|Any CPU.Deploy.0 = Release|x86
		{4C4380B7-4781-4313-B023-94796889166F}.AppStore|ARM.ActiveCfg = Release|ARM
		{4C4380B7-4781-4313-B023-94796889166F}.AppStore|ARM.Build.0 = Release|ARM
		{4C4380B7-4781-4313-B023-94796889166F}.AppStore|ARM.Deploy.0 = Release|ARM
		{4C4380B7-4781-4313-B023-94796889166F}.AppStore|iPhone.ActiveCfg = Release|x86
		{4C4380B7-4781-4313-B023-94796889166F}.AppStore|iPhone.Build.0 = Release|x86
		{4C4380B7-4781-4313-B023-94796889166F}.AppStore|iPhone.Deploy.0 = Release|x86
		{4C4380B7-4781-4313-B023-94796889166F}.AppStore|iPhoneSimulator.ActiveCfg = Release|x86
		{4C4380B7-4781-4313-B023-94796889166F}.AppStore|iPhoneSimulator.Build.0 = Release|x86
		{4C4380B7-4781-4313-B023-94796889166F}.AppStore|iPhoneSimulator.Deploy.0 = Release|x86
		{4C4380B7-4781-4313-B023-94796889166F}.AppStore|x64.ActiveCfg = Release|x64
		{4C4380B7-4781-4313-B023-94796889166F}.AppStore|x64.Build.0 = Release|x64
		{4C4380B7-4781-4313-B023-94796889166F}.AppStore|x64.Deploy.0 = Release|x64
		{4C4380B7-4781-4313-B023-94796889166F}.AppStore|x86.ActiveCfg = Release|x86
		{4C4380B7-4781-4313-B023-94796889166F}.AppStore|x86.Build.0 = Release|x86
		{4C4380B7-4781-4313-B023-94796889166F}.AppStore|x86.Deploy.0 = Release|x86
		{4C4380B7-4781-4313-B023-94796889166F}.Debug|Any CPU.ActiveCfg = Debug|x86
		{4C4380B7-4781-4313-B023-94796889166F}.Debug|Any CPU.Build.0 = Debug|x86
		{4C4380B7-4781-4313-B023-94796889166F}.Debug|Any CPU.Deploy.0 = Debug|x86
		{4C4380B7-4781-4313-B023-94796889166F}.Debug|ARM.ActiveCfg = Debug|ARM
		{4C4380B7-4781-4313-B023-94796889166F}.Debug|ARM.Build.0 = Debug|ARM
		{4C4380B7-4781-4313-B023-94796889166F}.Debug|ARM.Deploy.0 = Debug|ARM
		{4C4380B7-4781-4313-B023-94796889166F}.Debug|iPhone.ActiveCfg = Debug|x86
		{4C4380B7-4781-4313-B023-94796889166F}.Debug|iPhoneSimulator.ActiveCfg = Debug|x86
		{4C4380B7-4781-4313-B023-94796889166F}.Debug|x64.ActiveCfg = Debug|x64
		{4C4380B7-4781-4313-B023-94796889166F}.Debug|x64.Build.0 = Debug|x64
		{4C4380B7-4781-4313-B023-94796889166F}.Debug|x64.Deploy.0 = Debug|x64
		{4C4380B7-4781-4313-B023-94796889166F}.Debug|x86.ActiveCfg = Debug|x86
		{4C4380B7-4781-4313-B023-94796889166F}.Debug|x86.Build.0 = Debug|x86
		{4C4380B7-4781-4313-B023-94796889166F}.Debug|x86.Deploy.0 = Debug|x86
		{4C4380B7-4781-4313-B023-94796889166F}.Release|Any CPU.ActiveCfg = Release|x86
		{4C4380B7-4781-4313-B023-94796889166F}.Release|ARM.ActiveCfg = Release|ARM
		{4C4380B7-4781-4313-B023-94796889166F}.Release|ARM.Build.0 = Release|ARM
		{4C4380B7-4781-4313-B023-94796889166F}.Release|ARM.Deploy.0 = Release|ARM
		{4C4380B7-4781-4313-B023-94796889166F}.Release|iPhone.ActiveCfg = Release|x86
		{4C4380B7-4781-4313-B023-94796889166F}.Release|iPhoneSimulator.ActiveCfg = Release|x86
		{4C4380B7-4781-4313-B023-94796889166F}.Release|x64.ActiveCfg = Release|x64
		{4C4380B7-4781-4313-B023-94796889166F}.Release|x64.Build.0 = Release|x64
		{4C4380B7-4781-4313-B023-94796889166F}.Release|x64.Deploy.0 = Release|x64
		{4C4380B7-4781-4313-B023-94796889166F}.Release|x86.ActiveCfg = Release|x86
		{4C4380B7-4781-4313-B023-94796889166F}.Release|x86.Build.0 = Release|x86
		{4C4380B7-4781-4313-B023-94796889166F}.Release|x86.Deploy.0 = Release|x86
		{88D98FA0-D93E-4F06-A0C2-569E0AFA0E02}.Ad-Hoc|Any CPU.ActiveCfg = Release|Any CPU
		{88D98FA0-D93E-4F06-A0C2-569E0AFA0E02}.Ad-Hoc|Any CPU.Build.0 = Release|Any CPU
		{88D98FA0-D93E-4F06-A0C2-569E0AFA0E02}.Ad-Hoc|Any CPU.Deploy.0 = Release|Any CPU
		{88D98FA0-D93E-4F06-A0C2-569E0AFA0E02}.Ad-Hoc|ARM.ActiveCfg = Release|ARM
		{88D98FA0-D93E-4F06-A0C2-569E0AFA0E02}.Ad-Hoc|ARM.Build.0 = Release|ARM
		{88D98FA0-D93E-4F06-A0C2-569E0AFA0E02}.Ad-Hoc|ARM.Deploy.0 = Release|ARM
		{88D98FA0-D93E-4F06-A0C2-569E0AFA0E02}.Ad-Hoc|iPhone.ActiveCfg = Release|Any CPU
		{88D98FA0-D93E-4F06-A0C2-569E0AFA0E02}.Ad-Hoc|iPhone.Build.0 = Release|Any CPU
		{88D98FA0-D93E-4F06-A0C2-569E0AFA0E02}.Ad-Hoc|iPhone.Deploy.0 = Release|Any CPU
		{88D98FA0-D93E-4F06-A0C2-569E0AFA0E02}.Ad-Hoc|iPhoneSimulator.ActiveCfg = Release|Any CPU
		{88D98FA0-D93E-4F06-A0C2-569E0AFA0E02}.Ad-Hoc|iPhoneSimulator.Build.0 = Release|Any CPU
		{88D98FA0-D93E-4F06-A0C2-569E0AFA0E02}.Ad-Hoc|iPhoneSimulator.Deploy.0 = Release|Any CPU
		{88D98FA0-D93E-4F06-A0C2-569E0AFA0E02}.Ad-Hoc|x64.ActiveCfg = Release|Any CPU
		{88D98FA0-D93E-4F06-A0C2-569E0AFA0E02}.Ad-Hoc|x64.Build.0 = Release|Any CPU
		{88D98FA0-D93E-4F06-A0C2-569E0AFA0E02}.Ad-Hoc|x64.Deploy.0 = Release|Any CPU
		{88D98FA0-D93E-4F06-A0C2-569E0AFA0E02}.Ad-Hoc|x86.ActiveCfg = Release|x86
		{88D98FA0-D93E-4F06-A0C2-569E0AFA0E02}.Ad-Hoc|x86.Build.0 = Release|x86
		{88D98FA0-D93E-4F06-A0C2-569E0AFA0E02}.Ad-Hoc|x86.Deploy.0 = Release|x86
		{88D98FA0-D93E-4F06-A0C2-569E0AFA0E02}.AppStore|Any CPU.ActiveCfg = Release|Any CPU
		{88D98FA0-D93E-4F06-A0C2-569E0AFA0E02}.AppStore|Any CPU.Build.0 = Release|Any CPU
		{88D98FA0-D93E-4F06-A0C2-569E0AFA0E02}.AppStore|Any CPU.Deploy.0 = Release|Any CPU
		{88D98FA0-D93E-4F06-A0C2-569E0AFA0E02}.AppStore|ARM.ActiveCfg = Release|ARM
		{88D98FA0-D93E-4F06-A0C2-569E0AFA0E02}.AppStore|ARM.Build.0 = Release|ARM
		{88D98FA0-D93E-4F06-A0C2-569E0AFA0E02}.AppStore|ARM.Deploy.0 = Release|ARM
		{88D98FA0-D93E-4F06-A0C2-569E0AFA0E02}.AppStore|iPhone.ActiveCfg = Release|Any CPU
		{88D98FA0-D93E-4F06-A0C2-569E0AFA0E02}.AppStore|iPhone.Build.0 = Release|Any CPU
		{88D98FA0-D93E-4F06-A0C2-569E0AFA0E02}.AppStore|iPhone.Deploy.0 = Release|Any CPU
		{88D98FA0-D93E-4F06-A0C2-569E0AFA0E02}.AppStore|iPhoneSimulator.ActiveCfg = Release|Any CPU
		{88D98FA0-D93E-4F06-A0C2-569E0AFA0E02}.AppStore|iPhoneSimulator.Build.0 = Release|Any CPU
		{88D98FA0-D93E-4F06-A0C2-569E0AFA0E02}.AppStore|iPhoneSimulator.Deploy.0 = Release|Any CPU
		{88D98FA0-D93E-4F06-A0C2-569E0AFA0E02}.AppStore|x64.ActiveCfg = Release|Any CPU
		{88D98FA0-D93E-4F06-A0C2-569E0AFA0E02}.AppStore|x64.Build.0 = Release|Any CPU
		{88D98FA0-D93E-4F06-A0C2-569E0AFA0E02}.AppStore|x64.Deploy.0 = Release|Any CPU
		{88D98FA0-D93E-4F06-A0C2-569E0AFA0E02}.AppStore|x86.ActiveCfg = Release|x86
		{88D98FA0-D93E-4F06-A0C2-569E0AFA0E02}.AppStore|x86.Build.0 = Release|x86
		{88D98FA0-D93E-4F06-A0C2-569E0AFA0E02}.AppStore|x86.Deploy.0 = Release|x86
		{88D98FA0-D93E-4F06-A0C2-569E0AFA0E02}.Debug|Any CPU.ActiveCfg = Debug|Any CPU
		{88D98FA0-D93E-4F06-A0C2-569E0AFA0E02}.Debug|Any CPU.Build.0 = Debug|Any CPU
		{88D98FA0-D93E-4F06-A0C2-569E0AFA0E02}.Debug|Any CPU.Deploy.0 = Debug|Any CPU
		{88D98FA0-D93E-4F06-A0C2-569E0AFA0E02}.Debug|ARM.ActiveCfg = Debug|ARM
		{88D98FA0-D93E-4F06-A0C2-569E0AFA0E02}.Debug|ARM.Build.0 = Debug|ARM
		{88D98FA0-D93E-4F06-A0C2-569E0AFA0E02}.Debug|ARM.Deploy.0 = Debug|ARM
		{88D98FA0-D93E-4F06-A0C2-569E0AFA0E02}.Debug|iPhone.ActiveCfg = Debug|Any CPU
		{88D98FA0-D93E-4F06-A0C2-569E0AFA0E02}.Debug|iPhone.Build.0 = Debug|Any CPU
		{88D98FA0-D93E-4F06-A0C2-569E0AFA0E02}.Debug|iPhone.Deploy.0 = Debug|Any CPU
		{88D98FA0-D93E-4F06-A0C2-569E0AFA0E02}.Debug|iPhoneSimulator.ActiveCfg = Debug|Any CPU
		{88D98FA0-D93E-4F06-A0C2-569E0AFA0E02}.Debug|iPhoneSimulator.Build.0 = Debug|Any CPU
		{88D98FA0-D93E-4F06-A0C2-569E0AFA0E02}.Debug|iPhoneSimulator.Deploy.0 = Debug|Any CPU
		{88D98FA0-D93E-4F06-A0C2-569E0AFA0E02}.Debug|x64.ActiveCfg = Debug|Any CPU
		{88D98FA0-D93E-4F06-A0C2-569E0AFA0E02}.Debug|x64.Build.0 = Debug|Any CPU
		{88D98FA0-D93E-4F06-A0C2-569E0AFA0E02}.Debug|x64.Deploy.0 = Debug|Any CPU
		{88D98FA0-D93E-4F06-A0C2-569E0AFA0E02}.Debug|x86.ActiveCfg = Debug|x86
		{88D98FA0-D93E-4F06-A0C2-569E0AFA0E02}.Debug|x86.Build.0 = Debug|x86
		{88D98FA0-D93E-4F06-A0C2-569E0AFA0E02}.Debug|x86.Deploy.0 = Debug|x86
		{88D98FA0-D93E-4F06-A0C2-569E0AFA0E02}.Release|Any CPU.ActiveCfg = Release|Any CPU
		{88D98FA0-D93E-4F06-A0C2-569E0AFA0E02}.Release|Any CPU.Build.0 = Release|Any CPU
		{88D98FA0-D93E-4F06-A0C2-569E0AFA0E02}.Release|Any CPU.Deploy.0 = Release|Any CPU
		{88D98FA0-D93E-4F06-A0C2-569E0AFA0E02}.Release|ARM.ActiveCfg = Release|ARM
		{88D98FA0-D93E-4F06-A0C2-569E0AFA0E02}.Release|ARM.Build.0 = Release|ARM
		{88D98FA0-D93E-4F06-A0C2-569E0AFA0E02}.Release|ARM.Deploy.0 = Release|ARM
		{88D98FA0-D93E-4F06-A0C2-569E0AFA0E02}.Release|iPhone.ActiveCfg = Release|Any CPU
		{88D98FA0-D93E-4F06-A0C2-569E0AFA0E02}.Release|iPhone.Build.0 = Release|Any CPU
		{88D98FA0-D93E-4F06-A0C2-569E0AFA0E02}.Release|iPhone.Deploy.0 = Release|Any CPU
		{88D98FA0-D93E-4F06-A0C2-569E0AFA0E02}.Release|iPhoneSimulator.ActiveCfg = Release|Any CPU
		{88D98FA0-D93E-4F06-A0C2-569E0AFA0E02}.Release|iPhoneSimulator.Build.0 = Release|Any CPU
		{88D98FA0-D93E-4F06-A0C2-569E0AFA0E02}.Release|iPhoneSimulator.Deploy.0 = Release|Any CPU
		{88D98FA0-D93E-4F06-A0C2-569E0AFA0E02}.Release|x64.ActiveCfg = Release|Any CPU
		{88D98FA0-D93E-4F06-A0C2-569E0AFA0E02}.Release|x64.Build.0 = Release|Any CPU
		{88D98FA0-D93E-4F06-A0C2-569E0AFA0E02}.Release|x64.Deploy.0 = Release|Any CPU
		{88D98FA0-D93E-4F06-A0C2-569E0AFA0E02}.Release|x86.ActiveCfg = Release|x86
		{88D98FA0-D93E-4F06-A0C2-569E0AFA0E02}.Release|x86.Build.0 = Release|x86
		{88D98FA0-D93E-4F06-A0C2-569E0AFA0E02}.Release|x86.Deploy.0 = Release|x86
		{6D49BFF4-A461-4A86-BC5F-62FC634285B3}.Ad-Hoc|Any CPU.ActiveCfg = Release|Any CPU
		{6D49BFF4-A461-4A86-BC5F-62FC634285B3}.Ad-Hoc|Any CPU.Build.0 = Release|Any CPU
		{6D49BFF4-A461-4A86-BC5F-62FC634285B3}.Ad-Hoc|Any CPU.Deploy.0 = Release|Any CPU
		{6D49BFF4-A461-4A86-BC5F-62FC634285B3}.Ad-Hoc|ARM.ActiveCfg = Release|ARM
		{6D49BFF4-A461-4A86-BC5F-62FC634285B3}.Ad-Hoc|ARM.Build.0 = Release|ARM
		{6D49BFF4-A461-4A86-BC5F-62FC634285B3}.Ad-Hoc|ARM.Deploy.0 = Release|ARM
		{6D49BFF4-A461-4A86-BC5F-62FC634285B3}.Ad-Hoc|iPhone.ActiveCfg = Release|Any CPU
		{6D49BFF4-A461-4A86-BC5F-62FC634285B3}.Ad-Hoc|iPhone.Build.0 = Release|Any CPU
		{6D49BFF4-A461-4A86-BC5F-62FC634285B3}.Ad-Hoc|iPhone.Deploy.0 = Release|Any CPU
		{6D49BFF4-A461-4A86-BC5F-62FC634285B3}.Ad-Hoc|iPhoneSimulator.ActiveCfg = Release|Any CPU
		{6D49BFF4-A461-4A86-BC5F-62FC634285B3}.Ad-Hoc|iPhoneSimulator.Build.0 = Release|Any CPU
		{6D49BFF4-A461-4A86-BC5F-62FC634285B3}.Ad-Hoc|iPhoneSimulator.Deploy.0 = Release|Any CPU
		{6D49BFF4-A461-4A86-BC5F-62FC634285B3}.Ad-Hoc|x64.ActiveCfg = Release|x64
		{6D49BFF4-A461-4A86-BC5F-62FC634285B3}.Ad-Hoc|x64.Build.0 = Release|x64
		{6D49BFF4-A461-4A86-BC5F-62FC634285B3}.Ad-Hoc|x64.Deploy.0 = Release|x64
		{6D49BFF4-A461-4A86-BC5F-62FC634285B3}.Ad-Hoc|x86.ActiveCfg = Release|x86
		{6D49BFF4-A461-4A86-BC5F-62FC634285B3}.Ad-Hoc|x86.Build.0 = Release|x86
		{6D49BFF4-A461-4A86-BC5F-62FC634285B3}.Ad-Hoc|x86.Deploy.0 = Release|x86
		{6D49BFF4-A461-4A86-BC5F-62FC634285B3}.AppStore|Any CPU.ActiveCfg = Release|Any CPU
		{6D49BFF4-A461-4A86-BC5F-62FC634285B3}.AppStore|Any CPU.Build.0 = Release|Any CPU
		{6D49BFF4-A461-4A86-BC5F-62FC634285B3}.AppStore|Any CPU.Deploy.0 = Release|Any CPU
		{6D49BFF4-A461-4A86-BC5F-62FC634285B3}.AppStore|ARM.ActiveCfg = Release|ARM
		{6D49BFF4-A461-4A86-BC5F-62FC634285B3}.AppStore|ARM.Build.0 = Release|ARM
		{6D49BFF4-A461-4A86-BC5F-62FC634285B3}.AppStore|ARM.Deploy.0 = Release|ARM
		{6D49BFF4-A461-4A86-BC5F-62FC634285B3}.AppStore|iPhone.ActiveCfg = Release|Any CPU
		{6D49BFF4-A461-4A86-BC5F-62FC634285B3}.AppStore|iPhone.Build.0 = Release|Any CPU
		{6D49BFF4-A461-4A86-BC5F-62FC634285B3}.AppStore|iPhone.Deploy.0 = Release|Any CPU
		{6D49BFF4-A461-4A86-BC5F-62FC634285B3}.AppStore|iPhoneSimulator.ActiveCfg = Release|Any CPU
		{6D49BFF4-A461-4A86-BC5F-62FC634285B3}.AppStore|iPhoneSimulator.Build.0 = Release|Any CPU
		{6D49BFF4-A461-4A86-BC5F-62FC634285B3}.AppStore|iPhoneSimulator.Deploy.0 = Release|Any CPU
		{6D49BFF4-A461-4A86-BC5F-62FC634285B3}.AppStore|x64.ActiveCfg = Release|x64
		{6D49BFF4-A461-4A86-BC5F-62FC634285B3}.AppStore|x64.Build.0 = Release|x64
		{6D49BFF4-A461-4A86-BC5F-62FC634285B3}.AppStore|x64.Deploy.0 = Release|x64
		{6D49BFF4-A461-4A86-BC5F-62FC634285B3}.AppStore|x86.ActiveCfg = Release|x86
		{6D49BFF4-A461-4A86-BC5F-62FC634285B3}.AppStore|x86.Build.0 = Release|x86
		{6D49BFF4-A461-4A86-BC5F-62FC634285B3}.AppStore|x86.Deploy.0 = Release|x86
		{6D49BFF4-A461-4A86-BC5F-62FC634285B3}.Debug|Any CPU.ActiveCfg = Debug|Any CPU
		{6D49BFF4-A461-4A86-BC5F-62FC634285B3}.Debug|Any CPU.Build.0 = Debug|Any CPU
		{6D49BFF4-A461-4A86-BC5F-62FC634285B3}.Debug|Any CPU.Deploy.0 = Debug|Any CPU
		{6D49BFF4-A461-4A86-BC5F-62FC634285B3}.Debug|ARM.ActiveCfg = Debug|ARM
		{6D49BFF4-A461-4A86-BC5F-62FC634285B3}.Debug|ARM.Build.0 = Debug|ARM
		{6D49BFF4-A461-4A86-BC5F-62FC634285B3}.Debug|ARM.Deploy.0 = Debug|ARM
		{6D49BFF4-A461-4A86-BC5F-62FC634285B3}.Debug|iPhone.ActiveCfg = Debug|Any CPU
		{6D49BFF4-A461-4A86-BC5F-62FC634285B3}.Debug|iPhone.Build.0 = Debug|Any CPU
		{6D49BFF4-A461-4A86-BC5F-62FC634285B3}.Debug|iPhone.Deploy.0 = Debug|Any CPU
		{6D49BFF4-A461-4A86-BC5F-62FC634285B3}.Debug|iPhoneSimulator.ActiveCfg = Debug|Any CPU
		{6D49BFF4-A461-4A86-BC5F-62FC634285B3}.Debug|iPhoneSimulator.Build.0 = Debug|Any CPU
		{6D49BFF4-A461-4A86-BC5F-62FC634285B3}.Debug|iPhoneSimulator.Deploy.0 = Debug|Any CPU
		{6D49BFF4-A461-4A86-BC5F-62FC634285B3}.Debug|x64.ActiveCfg = Debug|x64
		{6D49BFF4-A461-4A86-BC5F-62FC634285B3}.Debug|x64.Build.0 = Debug|x64
		{6D49BFF4-A461-4A86-BC5F-62FC634285B3}.Debug|x64.Deploy.0 = Debug|x64
		{6D49BFF4-A461-4A86-BC5F-62FC634285B3}.Debug|x86.ActiveCfg = Debug|x86
		{6D49BFF4-A461-4A86-BC5F-62FC634285B3}.Debug|x86.Build.0 = Debug|x86
		{6D49BFF4-A461-4A86-BC5F-62FC634285B3}.Debug|x86.Deploy.0 = Debug|x86
		{6D49BFF4-A461-4A86-BC5F-62FC634285B3}.Release|Any CPU.ActiveCfg = Release|Any CPU
		{6D49BFF4-A461-4A86-BC5F-62FC634285B3}.Release|Any CPU.Build.0 = Release|Any CPU
		{6D49BFF4-A461-4A86-BC5F-62FC634285B3}.Release|Any CPU.Deploy.0 = Release|Any CPU
		{6D49BFF4-A461-4A86-BC5F-62FC634285B3}.Release|ARM.ActiveCfg = Release|ARM
		{6D49BFF4-A461-4A86-BC5F-62FC634285B3}.Release|ARM.Build.0 = Release|ARM
		{6D49BFF4-A461-4A86-BC5F-62FC634285B3}.Release|ARM.Deploy.0 = Release|ARM
		{6D49BFF4-A461-4A86-BC5F-62FC634285B3}.Release|iPhone.ActiveCfg = Release|Any CPU
		{6D49BFF4-A461-4A86-BC5F-62FC634285B3}.Release|iPhone.Build.0 = Release|Any CPU
		{6D49BFF4-A461-4A86-BC5F-62FC634285B3}.Release|iPhone.Deploy.0 = Release|Any CPU
		{6D49BFF4-A461-4A86-BC5F-62FC634285B3}.Release|iPhoneSimulator.ActiveCfg = Release|Any CPU
		{6D49BFF4-A461-4A86-BC5F-62FC634285B3}.Release|iPhoneSimulator.Build.0 = Release|Any CPU
		{6D49BFF4-A461-4A86-BC5F-62FC634285B3}.Release|iPhoneSimulator.Deploy.0 = Release|Any CPU
		{6D49BFF4-A461-4A86-BC5F-62FC634285B3}.Release|x64.ActiveCfg = Release|x64
		{6D49BFF4-A461-4A86-BC5F-62FC634285B3}.Release|x64.Build.0 = Release|x64
		{6D49BFF4-A461-4A86-BC5F-62FC634285B3}.Release|x64.Deploy.0 = Release|x64
		{6D49BFF4-A461-4A86-BC5F-62FC634285B3}.Release|x86.ActiveCfg = Release|x86
		{6D49BFF4-A461-4A86-BC5F-62FC634285B3}.Release|x86.Build.0 = Release|x86
		{6D49BFF4-A461-4A86-BC5F-62FC634285B3}.Release|x86.Deploy.0 = Release|x86
	EndGlobalSection
	GlobalSection(SolutionProperties) = preSolution
		HideSolutionNode = FALSE
	EndGlobalSection
EndGlobal
